{
  "name": "ajs2",
  "version": "1.0.0",
  "lockfileVersion": 3,
  "requires": true,
  "packages": {
    "": {
      "name": "ajs2",
      "version": "1.0.0",
      "license": "ISC",
      "dependencies": {
        "@zunickx/ajs": "^1.0.0"
      }
    },
    "node_modules/@zunickx/ajs": {
      "version": "1.0.0",
      "resolved": "https://npm.pkg.github.com/download/@zunickx/ajs/1.0.0/35746d5bb0b9e1f7cd01a4f9c5db3e9a551ddbb5",
      "integrity": "sha512-6u6cSV0tnxAgRmMgvqQZnuDFtr8dsGZ5A0DLztJY8rinNrECCUm+qy2O6/wS1ba4uP//eNAtZWSmonSBjc+8qQ==",
      "license": "ISC"
    }
  }
}
